
Microsoft Visual Studio Solution File, Format Version 12.00
Project("{FAE04EC0-301F-11D3-BF4B-00C04F79EFBC}") = "Jellyfin.Plugin.Pushover", "Jellyfin.Plugin.Pushover\Jellyfin.Plugin.Pushover.csproj", "{CC83C188-65ED-4806-B3BE-56D2E94238CF}"
EndProject
Global
	GlobalSection(SolutionConfigurationPlatforms) = preSolution
		Debug|Any CPU = Debug|Any CPU
		Release|Any CPU = Release|Any CPU
	EndGlobalSection
	GlobalSection(ProjectConfigurationPlatforms) = postSolution
		{CC83C188-65ED-4806-B3BE-56D2E94238CF}.Debug|Any CPU.ActiveCfg = Debug|Any CPU
		{CC83C188-65ED-4806-B3BE-56D2E94238CF}.Debug|Any CPU.Build.0 = Debug|Any CPU
		{CC83C188-65ED-4806-B3BE-56D2E94238CF}.Release|Any CPU.ActiveCfg = Release|Any CPU
		{CC83C188-65ED-4806-B3BE-56D2E94238CF}.Release|Any CPU.Build.0 = Release|Any CPU
	EndGlobalSection
EndGlobal
